# This file was autogenerated by Stack.
# You should not edit this file by hand.
# For more information, please see the documentation at:
#   https://docs.haskellstack.org/en/stable/lock_files

packages:
- completed:
    hackage: bitwise-1.0.0.1@sha256:2499779e8c9d59b3d8660e4994d357328750de8b4d1076c9924fb93404fa4c3a,3110
    pantry-tree:
      size: 760
      sha256: dfc85fd0cf52e0595bd5beffaa2633927703d3f92ebdd7ba21cf71afb1bc4816
  original:
    hackage: bitwise-1.0.0.1@sha256:2499779e8c9d59b3d8660e4994d357328750de8b4d1076c9924fb93404fa4c3a,3110
snapshots:
- completed:
    size: 567037
    url: https://raw.githubusercontent.com/commercialhaskell/stackage-snapshots/master/lts/17/9.yaml
    sha256: d7d8d5106e53d1669964bd8bd2b0f88a5ad192d772f5376384b76738fd992311
  original:
    url: https://raw.githubusercontent.com/commercialhaskell/stackage-snapshots/master/lts/17/9.yaml
